
Microsoft Visual Studio Solution File, Format Version 12.00
# Visual Studio 15
VisualStudioVersion = 15.0.28010.2026
MinimumVisualStudioVersion = 10.0.40219.1
Project("{FAE04EC0-301F-11D3-BF4B-00C04F79EFBC}") = "One", "One\One.csproj", "{9593AAAD-DD49-4487-9F15-E8763AED8F3D}"
EndProject
Global
	GlobalSection(SolutionConfigurationPlatforms) = preSolution
		Debug|Any CPU = Debug|Any CPU
		Release|Any CPU = Release|Any CPU
	EndGlobalSection
	GlobalSection(ProjectConfigurationPlatforms) = postSolution
		{9593AAAD-DD49-4487-9F15-E8763AED8F3D}.Debug|Any CPU.ActiveCfg = Debug|Any CPU
		{9593AAAD-DD49-4487-9F15-E8763AED8F3D}.Debug|Any CPU.Build.0 = Debug|Any CPU
		{9593AAAD-DD49-4487-9F15-E8763AED8F3D}.Release|Any CPU.ActiveCfg = Release|Any CPU
		{9593AAAD-DD49-4487-9F15-E8763AED8F3D}.Release|Any CPU.Build.0 = Release|Any CPU
	EndGlobalSection
	GlobalSection(SolutionProperties) = preSolution
		HideSolutionNode = FALSE
	EndGlobalSection
	GlobalSection(ExtensibilityGlobals) = postSolution
		SolutionGuid = {85708787-E590-4C0B-902D-EF72D4CA1E6E}
	EndGlobalSection
EndGlobal
